// !$*UTF8*$!
{
	archiveVersion = 1;
	classes = {
	};
	objectVersion = 50;
	objects = {

/* Begin PBXBuildFile section */
		043F9B38252231A600C44B08 /* AppDelegate.swift in Sources */ = {isa = PBXBuildFile; fileRef = 043F9B37252231A600C44B08 /* AppDelegate.swift */; };
		043F9B3A252231A600C44B08 /* SceneDelegate.swift in Sources */ = {isa = PBXBuildFile; fileRef = 043F9B39252231A600C44B08 /* SceneDelegate.swift */; };
		043F9B3F252231A600C44B08 /* Main.storyboard in Resources */ = {isa = PBXBuildFile; fileRef = 043F9B3D252231A600C44B08 /* Main.storyboard */; };
		043F9B41252231AB00C44B08 /* Assets.xcassets in Resources */ = {isa = PBXBuildFile; fileRef = 043F9B40252231AB00C44B08 /* Assets.xcassets */; };
		043F9B44252231AB00C44B08 /* LaunchScreen.storyboard in Resources */ = {isa = PBXBuildFile; fileRef = 043F9B42252231AB00C44B08 /* LaunchScreen.storyboard */; };
		043F9B4F252231AB00C44B08 /* Flix1Tests.swift in Sources */ = {isa = PBXBuildFile; fileRef = 043F9B4E252231AB00C44B08 /* Flix1Tests.swift */; };
		043F9B5A252231AB00C44B08 /* Flix1UITests.swift in Sources */ = {isa = PBXBuildFile; fileRef = 043F9B59252231AB00C44B08 /* Flix1UITests.swift */; };
		043F9B682522350F00C44B08 /* MoviesViewController.swift in Sources */ = {isa = PBXBuildFile; fileRef = 043F9B672522350F00C44B08 /* MoviesViewController.swift */; };
		043F9B6A2522448A00C44B08 /* MovieCell.swift in Sources */ = {isa = PBXBuildFile; fileRef = 043F9B692522448A00C44B08 /* MovieCell.swift */; };
		922AC7816ADBAD12CE3E81B0 /* Pods_Flix1_Flix1UITests.framework in Frameworks */ = {isa = PBXBuildFile; fileRef = 3D69B17E273BA3F0DDD0B19C /* Pods_Flix1_Flix1UITests.framework */; };
		B8BFBEDC009C3AE5BB2445B1 /* Pods_Flix1Tests.framework in Frameworks */ = {isa = PBXBuildFile; fileRef = 0322C1478F2C56BAD13AE45A /* Pods_Flix1Tests.framework */; };
		C00F2BBF02F7FB36EC7A2AAE /* Pods_Flix1.framework in Frameworks */ = {isa = PBXBuildFile; fileRef = 4620B66176F79F7267BEC24D /* Pods_Flix1.framework */; };
/* End PBXBuildFile section */

/* Begin PBXContainerItemProxy section */
		043F9B4B252231AB00C44B08 /* PBXContainerItemProxy */ = {
			isa = PBXContainerItemProxy;
			containerPortal = 043F9B2C252231A600C44B08 /* Project object */;
			proxyType = 1;
			remoteGlobalIDString = 043F9B33252231A600C44B08;
			remoteInfo = Flix1;
		};
		043F9B56252231AB00C44B08 /* PBXContainerItemProxy */ = {
			isa = PBXContainerItemProxy;
			containerPortal = 043F9B2C252231A600C44B08 /* Project object */;
			proxyType = 1;
			remoteGlobalIDString = 043F9B33252231A600C44B08;
			remoteInfo = Flix1;
		};
/* End PBXContainerItemProxy section */

/* Begin PBXFileReference section */
		0322C1478F2C56BAD13AE45A /* Pods_Flix1Tests.framework */ = {isa = PBXFileReference; explicitFileType = wrapper.framework; includeInIndex = 0; path = Pods_Flix1Tests.framework; sourceTree = BUILT_PRODUCTS_DIR; };
		043F9B34252231A600C44B08 /* Flix1.app */ = {isa = PBXFileReference; explicitFileType = wrapper.application; includeInIndex = 0; path = Flix1.app; sourceTree = BUILT_PRODUCTS_DIR; };
		043F9B37252231A600C44B08 /* AppDelegate.swift */ = {isa = PBXFileReference; lastKnownFileType = sourcecode.swift; path = AppDelegate.swift; sourceTree = "<group>"; };
		043F9B39252231A600C44B08 /* SceneDelegate.swift */ = {isa = PBXFileReference; lastKnownFileType = sourcecode.swift; path = SceneDelegate.swift; sourceTree = "<group>"; };
		043F9B3E252231A600C44B08 /* Base */ = {isa = PBXFileReference; lastKnownFileType = file.storyboard; name = Base; path = Base.lproj/Main.storyboard; sourceTree = "<group>"; };
		043F9B40252231AB00C44B08 /* Assets.xcassets */ = {isa = PBXFileReference; lastKnownFileType = folder.assetcatalog; path = Assets.xcassets; sourceTree = "<group>"; };
		043F9B43252231AB00C44B08 /* Base */ = {isa = PBXFileReference; lastKnownFileType = file.storyboard; name = Base; path = Base.lproj/LaunchScreen.storyboard; sourceTree = "<group>"; };
		043F9B45252231AB00C44B08 /* Info.plist */ = {isa = PBXFileReference; lastKnownFileType = text.plist.xml; path = Info.plist; sourceTree = "<group>"; };
		043F9B4A252231AB00C44B08 /* Flix1Tests.xctest */ = {isa = PBXFileReference; explicitFileType = wrapper.cfbundle; includeInIndex = 0; path = Flix1Tests.xctest; sourceTree = BUILT_PRODUCTS_DIR; };
		043F9B4E252231AB00C44B08 /* Flix1Tests.swift */ = {isa = PBXFileReference; lastKnownFileType = sourcecode.swift; path = Flix1Tests.swift; sourceTree = "<group>"; };
		043F9B50252231AB00C44B08 /* Info.plist */ = {isa = PBXFileReference; lastKnownFileType = text.plist.xml; path = Info.plist; sourceTree = "<group>"; };
		043F9B55252231AB00C44B08 /* Flix1UITests.xctest */ = {isa = PBXFileReference; explicitFileType = wrapper.cfbundle; includeInIndex = 0; path = Flix1UITests.xctest; sourceTree = BUILT_PRODUCTS_DIR; };
		043F9B59252231AB00C44B08 /* Flix1UITests.swift */ = {isa = PBXFileReference; lastKnownFileType = sourcecode.swift; path = Flix1UITests.swift; sourceTree = "<group>"; };
		043F9B5B252231AB00C44B08 /* Info.plist */ = {isa = PBXFileReference; lastKnownFileType = text.plist.xml; path = Info.plist; sourceTree = "<group>"; };
		043F9B672522350F00C44B08 /* MoviesViewController.swift */ = {isa = PBXFileReference; lastKnownFileType = sourcecode.swift; path = MoviesViewController.swift; sourceTree = "<group>"; };
		043F9B692522448A00C44B08 /* MovieCell.swift */ = {isa = PBXFileReference; lastKnownFileType = sourcecode.swift; path = MovieCell.swift; sourceTree = "<group>"; };
		0B220ABB2EF31C142FFD2EC6 /* Pods-Flix1-Flix1UITests.release.xcconfig */ = {isa = PBXFileReference; includeInIndex = 1; lastKnownFileType = text.xcconfig; name = "Pods-Flix1-Flix1UITests.release.xcconfig"; path = "Target Support Files/Pods-Flix1-Flix1UITests/Pods-Flix1-Flix1UITests.release.xcconfig"; sourceTree = "<group>"; };
		168DCA7AC934D48AA2081B1F /* Pods-Flix1Tests.debug.xcconfig */ = {isa = PBXFileReference; includeInIndex = 1; lastKnownFileType = text.xcconfig; name = "Pods-Flix1Tests.debug.xcconfig"; path = "Target Support Files/Pods-Flix1Tests/Pods-Flix1Tests.debug.xcconfig"; sourceTree = "<group>"; };
		3915F4C44797BC3EBB25BD3D /* Pods-Flix1.release.xcconfig */ = {isa = PBXFileReference; includeInIndex = 1; lastKnownFileType = text.xcconfig; name = "Pods-Flix1.release.xcconfig"; path = "Target Support Files/Pods-Flix1/Pods-Flix1.release.xcconfig"; sourceTree = "<group>"; };
		3D69B17E273BA3F0DDD0B19C /* Pods_Flix1_Flix1UITests.framework */ = {isa = PBXFileReference; explicitFileType = wrapper.framework; includeInIndex = 0; path = Pods_Flix1_Flix1UITests.framework; sourceTree = BUILT_PRODUCTS_DIR; };
		4620B66176F79F7267BEC24D /* Pods_Flix1.framework */ = {isa = PBXFileReference; explicitFileType = wrapper.framework; includeInIndex = 0; path = Pods_Flix1.framework; sourceTree = BUILT_PRODUCTS_DIR; };
		A1612AFF96495F19DE31E2AD /* Pods-Flix1-Flix1UITests.debug.xcconfig */ = {isa = PBXFileReference; includeInIndex = 1; lastKnownFileType = text.xcconfig; name = "Pods-Flix1-Flix1UITests.debug.xcconfig"; path = "Target Support Files/Pods-Flix1-Flix1UITests/Pods-Flix1-Flix1UITests.debug.xcconfig"; sourceTree = "<group>"; };
		CD9A91CEA28DA58FDAF48E7E /* Pods-Flix1.debug.xcconfig */ = {isa = PBXFileReference; includeInIndex = 1; lastKnownFileType = text.xcconfig; name = "Pods-Flix1.debug.xcconfig"; path = "Target Support Files/Pods-Flix1/Pods-Flix1.debug.xcconfig"; sourceTree = "<group>"; };
		DE284FCDF11AF9DEEB41C610 /* Pods-Flix1Tests.release.xcconfig */ = {isa = PBXFileReference; includeInIndex = 1; lastKnownFileType = text.xcconfig; name = "Pods-Flix1Tests.release.xcconfig"; path = "Target Support Files/Pods-Flix1Tests/Pods-Flix1Tests.release.xcconfig"; sourceTree = "<group>"; };
/* End PBXFileReference section */

/* Begin PBXFrameworksBuildPhase section */
		043F9B31252231A600C44B08 /* Frameworks */ = {
			isa = PBXFrameworksBuildPhase;
			buildActionMask = 2147483647;
			files = (
				C00F2BBF02F7FB36EC7A2AAE /* Pods_Flix1.framework in Frameworks */,
			);
			runOnlyForDeploymentPostprocessing = 0;
		};
		043F9B47252231AB00C44B08 /* Frameworks */ = {
			isa = PBXFrameworksBuildPhase;
			buildActionMask = 2147483647;
			files = (
				B8BFBEDC009C3AE5BB2445B1 /* Pods_Flix1Tests.framework in Frameworks */,
			);
			runOnlyForDeploymentPostprocessing = 0;
		};
		043F9B52252231AB00C44B08 /* Frameworks */ = {
			isa = PBXFrameworksBuildPhase;
			buildActionMask = 2147483647;
			files = (
				922AC7816ADBAD12CE3E81B0 /* Pods_Flix1_Flix1UITests.framework in Frameworks */,
			);
			runOnlyForDeploymentPostprocessing = 0;
		};
/* End PBXFrameworksBuildPhase section */

/* Begin PBXGroup section */
		043F9B2B252231A600C44B08 = {
			isa = PBXGroup;
			children = (
				043F9B36252231A600C44B08 /* Flix1 */,
				043F9B4D252231AB00C44B08 /* Flix1Tests */,
				043F9B58252231AB00C44B08 /* Flix1UITests */,
				043F9B35252231A600C44B08 /* Products */,
				B53793D1E4BE3F5F817063CD /* Pods */,
				E323EF7CAD81E3F07CD2B8A5 /* Frameworks */,
			);
			sourceTree = "<group>";
		};
		043F9B35252231A600C44B08 /* Products */ = {
			isa = PBXGroup;
			children = (
				043F9B34252231A600C44B08 /* Flix1.app */,
				043F9B4A252231AB00C44B08 /* Flix1Tests.xctest */,
				043F9B55252231AB00C44B08 /* Flix1UITests.xctest */,
			);
			name = Products;
			sourceTree = "<group>";
		};
		043F9B36252231A600C44B08 /* Flix1 */ = {
			isa = PBXGroup;
			children = (
				043F9B37252231A600C44B08 /* AppDelegate.swift */,
				043F9B39252231A600C44B08 /* SceneDelegate.swift */,
				043F9B3D252231A600C44B08 /* Main.storyboard */,
				043F9B40252231AB00C44B08 /* Assets.xcassets */,
				043F9B42252231AB00C44B08 /* LaunchScreen.storyboard */,
				043F9B672522350F00C44B08 /* MoviesViewController.swift */,
				043F9B45252231AB00C44B08 /* Info.plist */,
				043F9B692522448A00C44B08 /* MovieCell.swift */,
			);
			path = Flix1;
			sourceTree = "<group>";
		};
		043F9B4D252231AB00C44B08 /* Flix1Tests */ = {
			isa = PBXGroup;
			children = (
				043F9B4E252231AB00C44B08 /* Flix1Tests.swift */,
				043F9B50252231AB00C44B08 /* Info.plist */,
			);
			path = Flix1Tests;
			sourceTree = "<group>";
		};
		043F9B58252231AB00C44B08 /* Flix1UITests */ = {
			isa = PBXGroup;
			children = (
				043F9B59252231AB00C44B08 /* Flix1UITests.swift */,
				043F9B5B252231AB00C44B08 /* Info.plist */,
			);
			path = Flix1UITests;
			sourceTree = "<group>";
		};
		B53793D1E4BE3F5F817063CD /* Pods */ = {
			isa = PBXGroup;
			children = (
				CD9A91CEA28DA58FDAF48E7E /* Pods-Flix1.debug.xcconfig */,
				3915F4C44797BC3EBB25BD3D /* Pods-Flix1.release.xcconfig */,
				A1612AFF96495F19DE31E2AD /* Pods-Flix1-Flix1UITests.debug.xcconfig */,
				0B220ABB2EF31C142FFD2EC6 /* Pods-Flix1-Flix1UITests.release.xcconfig */,
				168DCA7AC934D48AA2081B1F /* Pods-Flix1Tests.debug.xcconfig */,
				DE284FCDF11AF9DEEB41C610 /* Pods-Flix1Tests.release.xcconfig */,
			);
			name = Pods;
			path = Pods;
			sourceTree = "<group>";
		};
		E323EF7CAD81E3F07CD2B8A5 /* Frameworks */ = {
			isa = PBXGroup;
			children = (
				4620B66176F79F7267BEC24D /* Pods_Flix1.framework */,
				3D69B17E273BA3F0DDD0B19C /* Pods_Flix1_Flix1UITests.framework */,
				0322C1478F2C56BAD13AE45A /* Pods_Flix1Tests.framework */,
			);
			name = Frameworks;
			sourceTree = "<group>";
		};
/* End PBXGroup section */

/* Begin PBXNativeTarget section */
		043F9B33252231A600C44B08 /* Flix1 */ = {
			isa = PBXNativeTarget;
			buildConfigurationList = 043F9B5E252231AB00C44B08 /* Build configuration list for PBXNativeTarget "Flix1" */;
			buildPhases = (
				6D5F5A8D656EECB2D090DFD8 /* [CP] Check Pods Manifest.lock */,
				043F9B30252231A600C44B08 /* Sources */,
				043F9B31252231A600C44B08 /* Frameworks */,
				043F9B32252231A600C44B08 /* Resources */,
				E1EDB1D5EF01FFE507924A0A /* [CP] Embed Pods Frameworks */,
			);
			buildRules = (
			);
			dependencies = (
			);
			name = Flix1;
			productName = Flix1;
			productReference = 043F9B34252231A600C44B08 /* Flix1.app */;
			productType = "com.apple.product-type.application";
		};
		043F9B49252231AB00C44B08 /* Flix1Tests */ = {
			isa = PBXNativeTarget;
			buildConfigurationList = 043F9B61252231AB00C44B08 /* Build configuration list for PBXNativeTarget "Flix1Tests" */;
			buildPhases = (
				C38B8C03431C45E9F87734CA /* [CP] Check Pods Manifest.lock */,
				043F9B46252231AB00C44B08 /* Sources */,
				043F9B47252231AB00C44B08 /* Frameworks */,
				043F9B48252231AB00C44B08 /* Resources */,
			);
			buildRules = (
			);
			dependencies = (
				043F9B4C252231AB00C44B08 /* PBXTargetDependency */,
			);
			name = Flix1Tests;
			productName = Flix1Tests;
			productReference = 043F9B4A252231AB00C44B08 /* Flix1Tests.xctest */;
			productType = "com.apple.product-type.bundle.unit-test";
		};
		043F9B54252231AB00C44B08 /* Flix1UITests */ = {
			isa = PBXNativeTarget;
			buildConfigurationList = 043F9B64252231AB00C44B08 /* Build configuration list for PBXNativeTarget "Flix1UITests" */;
			buildPhases = (
				D32CC662F7EBEDC7DE4B7420 /* [CP] Check Pods Manifest.lock */,
				043F9B51252231AB00C44B08 /* Sources */,
				043F9B52252231AB00C44B08 /* Frameworks */,
				043F9B53252231AB00C44B08 /* Resources */,
				9CC9E332B484B2C96FAFB8A7 /* [CP] Embed Pods Frameworks */,
			);
			buildRules = (
			);
			dependencies = (
				043F9B57252231AB00C44B08 /* PBXTargetDependency */,
			);
			name = Flix1UITests;
			productName = Flix1UITests;
			productReference = 043F9B55252231AB00C44B08 /* Flix1UITests.xctest */;
			productType = "com.apple.product-type.bundle.ui-testing";
		};
/* End PBXNativeTarget section */

/* Begin PBXProject section */
		043F9B2C252231A600C44B08 /* Project object */ = {
			isa = PBXProject;
			attributes = {
				LastSwiftUpdateCheck = 1170;
				LastUpgradeCheck = 1170;
				ORGANIZATIONNAME = Codepath;
				TargetAttributes = {
					043F9B33252231A600C44B08 = {
						CreatedOnToolsVersion = 11.7;
					};
					043F9B49252231AB00C44B08 = {
						CreatedOnToolsVersion = 11.7;
						TestTargetID = 043F9B33252231A600C44B08;
					};
					043F9B54252231AB00C44B08 = {
						CreatedOnToolsVersion = 11.7;
						TestTargetID = 043F9B33252231A600C44B08;
					};
				};
			};
			buildConfigurationList = 043F9B2F252231A600C44B08 /* Build configuration list for PBXProject "Flix1" */;
			compatibilityVersion = "Xcode 9.3";
			developmentRegion = en;
			hasScannedForEncodings = 0;
			knownRegions = (
				en,
				Base,
			);
			mainGroup = 043F9B2B252231A600C44B08;
			productRefGroup = 043F9B35252231A600C44B08 /* Products */;
			projectDirPath = "";
			projectRoot = "";
			targets = (
				043F9B33252231A600C44B08 /* Flix1 */,
				043F9B49252231AB00C44B08 /* Flix1Tests */,
				043F9B54252231AB00C44B08 /* Flix1UITests */,
			);
		};
/* End PBXProject section */

/* Begin PBXResourcesBuildPhase section */
		043F9B32252231A600C44B08 /* Resources */ = {
			isa = PBXResourcesBuildPhase;
			buildActionMask = 2147483647;
			files = (
				043F9B44252231AB00C44B08 /* LaunchScreen.storyboard in Resources */,
				043F9B41252231AB00C44B08 /* Assets.xcassets in Resources */,
				043F9B3F252231A600C44B08 /* Main.storyboard in Resources */,
			);
			runOnlyForDeploymentPostprocessing = 0;
		};
		043F9B48252231AB00C44B08 /* Resources */ = {
			isa = PBXResourcesBuildPhase;
			buildActionMask = 2147483647;
			files = (
			);
			runOnlyForDeploymentPostprocessing = 0;
		};
		043F9B53252231AB00C44B08 /* Resources */ = {
			isa = PBXResourcesBuildPhase;
			buildActionMask = 2147483647;
			files = (
			);
			runOnlyForDeploymentPostprocessing = 0;
		};
/* End PBXResourcesBuildPhase section */

/* Begin PBXShellScriptBuildPhase section */
		6D5F5A8D656EECB2D090DFD8 /* [CP] Check Pods Manifest.lock */ = {
			isa = PBXShellScriptBuildPhase;
			buildActionMask = 2147483647;
			files = (
			);
			inputFileListPaths = (
			);
			inputPaths = (
				"${PODS_PODFILE_DIR_PATH}/Podfile.lock",
				"${PODS_ROOT}/Manifest.lock",
			);
			name = "[CP] Check Pods Manifest.lock";
			outputFileListPaths = (
			);
			outputPaths = (
				"$(DERIVED_FILE_DIR)/Pods-Flix1-checkManifestLockResult.txt",
			);
			runOnlyForDeploymentPostprocessing = 0;
			shellPath = /bin/sh;
			shellScript = "diff \"${PODS_PODFILE_DIR_PATH}/Podfile.lock\" \"${PODS_ROOT}/Manifest.lock\" > /dev/null\nif [ $? != 0 ] ; then\n    # print error to STDERR\n    echo \"error: The sandbox is not in sync with the Podfile.lock. Run 'pod install' or update your CocoaPods installation.\" >&2\n    exit 1\nfi\n# This output is used by Xcode 'outputs' to avoid re-running this script phase.\necho \"SUCCESS\" > \"${SCRIPT_OUTPUT_FILE_0}\"\n";
			showEnvVarsInLog = 0;
		};
		9CC9E332B484B2C96FAFB8A7 /* [CP] Embed Pods Frameworks */ = {
			isa = PBXShellScriptBuildPhase;
			buildActionMask = 2147483647;
			files = (
			);
			inputFileListPaths = (
				"${PODS_ROOT}/Target Support Files/Pods-Flix1-Flix1UITests/Pods-Flix1-Flix1UITests-frameworks-${CONFIGURATION}-input-files.xcfilelist",
			);
			name = "[CP] Embed Pods Frameworks";
			outputFileListPaths = (
				"${PODS_ROOT}/Target Support Files/Pods-Flix1-Flix1UITests/Pods-Flix1-Flix1UITests-frameworks-${CONFIGURATION}-output-files.xcfilelist",
			);
			runOnlyForDeploymentPostprocessing = 0;
			shellPath = /bin/sh;
			shellScript = "\"${PODS_ROOT}/Target Support Files/Pods-Flix1-Flix1UITests/Pods-Flix1-Flix1UITests-frameworks.sh\"\n";
			showEnvVarsInLog = 0;
		};
		C38B8C03431C45E9F87734CA /* [CP] Check Pods Manifest.lock */ = {
			isa = PBXShellScriptBuildPhase;
			buildActionMask = 2147483647;
			files = (
			);
			inputFileListPaths = (
			);
			inputPaths = (
				"${PODS_PODFILE_DIR_PATH}/Podfile.lock",
				"${PODS_ROOT}/Manifest.lock",
			);
			name = "[CP] Check Pods Manifest.lock";
			outputFileListPaths = (
			);
			outputPaths = (
				"$(DERIVED_FILE_DIR)/Pods-Flix1Tests-checkManifestLockResult.txt",
			);
			runOnlyForDeploymentPostprocessing = 0;
			shellPath = /bin/sh;
			shellScript = "diff \"${PODS_PODFILE_DIR_PATH}/Podfile.lock\" \"${PODS_ROOT}/Manifest.lock\" > /dev/null\nif [ $? != 0 ] ; then\n    # print error to STDERR\n    echo \"error: The sandbox is not in sync with the Podfile.lock. Run 'pod install' or update your CocoaPods installation.\" >&2\n    exit 1\nfi\n# This output is used by Xcode 'outputs' to avoid re-running this script phase.\necho \"SUCCESS\" > \"${SCRIPT_OUTPUT_FILE_0}\"\n";
			showEnvVarsInLog = 0;
		};
		D32CC662F7EBEDC7DE4B7420 /* [CP] Check Pods Manifest.lock */ = {
			isa = PBXShellScriptBuildPhase;
			buildActionMask = 2147483647;
			files = (
			);
			inputFileListPaths = (
			);
			inputPaths = (
				"${PODS_PODFILE_DIR_PATH}/Podfile.lock",
				"${PODS_ROOT}/Manifest.lock",
			);
			name = "[CP] Check Pods Manifest.lock";
			outputFileListPaths = (
			);
			outputPaths = (
				"$(DERIVED_FILE_DIR)/Pods-Flix1-Flix1UITests-checkManifestLockResult.txt",
			);
			runOnlyForDeploymentPostprocessing = 0;
			shellPath = /bin/sh;
			shellScript = "diff \"${PODS_PODFILE_DIR_PATH}/Podfile.lock\" \"${PODS_ROOT}/Manifest.lock\" > /dev/null\nif [ $? != 0 ] ; then\n    # print error to STDERR\n    echo \"error: The sandbox is not in sync with the Podfile.lock. Run 'pod install' or update your CocoaPods installation.\" >&2\n    exit 1\nfi\n# This output is used by Xcode 'outputs' to avoid re-running this script phase.\necho \"SUCCESS\" > \"${SCRIPT_OUTPUT_FILE_0}\"\n";
			showEnvVarsInLog = 0;
		};
		E1EDB1D5EF01FFE507924A0A /* [CP] Embed Pods Frameworks */ = {
			isa = PBXShellScriptBuildPhase;
			buildActionMask = 2147483647;
			files = (
			);
			inputFileListPaths = (
				"${PODS_ROOT}/Target Support Files/Pods-Flix1/Pods-Flix1-frameworks-${CONFIGURATION}-input-files.xcfilelist",
			);
			name = "[CP] Embed Pods Frameworks";
			outputFileListPaths = (
				"${PODS_ROOT}/Target Support Files/Pods-Flix1/Pods-Flix1-frameworks-${CONFIGURATION}-output-files.xcfilelist",
			);
			runOnlyForDeploymentPostprocessing = 0;
			shellPath = /bin/sh;
			shellScript = "\"${PODS_ROOT}/Target Support Files/Pods-Flix1/Pods-Flix1-frameworks.sh\"\n";
			showEnvVarsInLog = 0;
		};
/* End PBXShellScriptBuildPhase section */

/* Begin PBXSourcesBuildPhase section */
		043F9B30252231A600C44B08 /* Sources */ = {
			isa = PBXSourcesBuildPhase;
			buildActionMask = 2147483647;
			files = (
				043F9B38252231A600C44B08 /* AppDelegate.swift in Sources */,
				043F9B3A252231A600C44B08 /* SceneDelegate.swift in Sources */,
				043F9B6A2522448A00C44B08 /* MovieCell.swift in Sources */,
				043F9B682522350F00C44B08 /* MoviesViewController.swift in Sources */,
			);
			runOnlyForDeploymentPostprocessing = 0;
		};
		043F9B46252231AB00C44B08 /* Sources */ = {
			isa = PBXSourcesBuildPhase;
			buildActionMask = 2147483647;
			files = (
				043F9B4F252231AB00C44B08 /* Flix1Tests.swift in Sources */,
			);
			runOnlyForDeploymentPostprocessing = 0;
		};
		043F9B51252231AB00C44B08 /* Sources */ = {
			isa = PBXSourcesBuildPhase;
			buildActionMask = 2147483647;
			files = (
				043F9B5A252231AB00C44B08 /* Flix1UITests.swift in Sources */,
			);
			runOnlyForDeploymentPostprocessing = 0;
		};
/* End PBXSourcesBuildPhase section */

/* Begin PBXTargetDependency section */
		043F9B4C252231AB00C44B08 /* PBXTargetDependency */ = {
			isa = PBXTargetDependency;
			target = 043F9B33252231A600C44B08 /* Flix1 */;
			targetProxy = 043F9B4B252231AB00C44B08 /* PBXContainerItemProxy */;
		};
		043F9B57252231AB00C44B08 /* PBXTargetDependency */ = {
			isa = PBXTargetDependency;
			target = 043F9B33252231A600C44B08 /* Flix1 */;
			targetProxy = 043F9B56252231AB00C44B08 /* PBXContainerItemProxy */;
		};
/* End PBXTargetDependency section */

/* Begin PBXVariantGroup section */
		043F9B3D252231A600C44B08 /* Main.storyboard */ = {
			isa = PBXVariantGroup;
			children = (
				043F9B3E252231A600C44B08 /* Base */,
			);
			name = Main.storyboard;
			sourceTree = "<group>";
		};
		043F9B42252231AB00C44B08 /* LaunchScreen.storyboard */ = {
			isa = PBXVariantGroup;
			children = (
				043F9B43252231AB00C44B08 /* Base */,
			);
			name = LaunchScreen.storyboard;
			sourceTree = "<group>";
		};
/* End PBXVariantGroup section */

/* Begin XCBuildConfiguration section */
		043F9B5C252231AB00C44B08 /* Debug */ = {
			isa = XCBuildConfiguration;
			buildSettings = {
				ALWAYS_SEARCH_USER_PATHS = NO;
				CLANG_ANALYZER_NONNULL = YES;
				CLANG_ANALYZER_NUMBER_OBJECT_CONVERSION = YES_AGGRESSIVE;
				CLANG_CXX_LANGUAGE_STANDARD = "gnu++14";
				CLANG_CXX_LIBRARY = "libc++";
				CLANG_ENABLE_MODULES = YES;
				CLANG_ENABLE_OBJC_ARC = YES;
				CLANG_ENABLE_OBJC_WEAK = YES;
				CLANG_WARN_BLOCK_CAPTURE_AUTORELEASING = YES;
				CLANG_WARN_BOOL_CONVERSION = YES;
				CLANG_WARN_COMMA = YES;
				CLANG_WARN_CONSTANT_CONVERSION = YES;
				CLANG_WARN_DEPRECATED_OBJC_IMPLEMENTATIONS = YES;
				CLANG_WARN_DIRECT_OBJC_ISA_USAGE = YES_ERROR;
				CLANG_WARN_DOCUMENTATION_COMMENTS = YES;
				CLANG_WARN_EMPTY_BODY = YES;
				CLANG_WARN_ENUM_CONVERSION = YES;
				CLANG_WARN_INFINITE_RECURSION = YES;
				CLANG_WARN_INT_CONVERSION = YES;
				CLANG_WARN_NON_LITERAL_NULL_CONVERSION = YES;
				CLANG_WARN_OBJC_IMPLICIT_RETAIN_SELF = YES;
				CLANG_WARN_OBJC_LITERAL_CONVERSION = YES;
				CLANG_WARN_OBJC_ROOT_CLASS = YES_ERROR;
				CLANG_WARN_RANGE_LOOP_ANALYSIS = YES;
				CLANG_WARN_STRICT_PROTOTYPES = YES;
				CLANG_WARN_SUSPICIOUS_MOVE = YES;
				CLANG_WARN_UNGUARDED_AVAILABILITY = YES_AGGRESSIVE;
				CLANG_WARN_UNREACHABLE_CODE = YES;
				CLANG_WARN__DUPLICATE_METHOD_MATCH = YES;
				COPY_PHASE_STRIP = NO;
				DEBUG_INFORMATION_FORMAT = dwarf;
				ENABLE_STRICT_OBJC_MSGSEND = YES;
				ENABLE_TESTABILITY = YES;
				GCC_C_LANGUAGE_STANDARD = gnu11;
				GCC_DYNAMIC_NO_PIC = NO;
				GCC_NO_COMMON_BLOCKS = YES;
				GCC_OPTIMIZATION_LEVEL = 0;
				GCC_PREPROCESSOR_DEFINITIONS = (
					"DEBUG=1",
					"$(inherited)",
				);
				GCC_WARN_64_TO_32_BIT_CONVERSION = YES;
				GCC_WARN_ABOUT_RETURN_TYPE = YES_ERROR;
				GCC_WARN_UNDECLARED_SELECTOR = YES;
				GCC_WARN_UNINITIALIZED_AUTOS = YES_AGGRESSIVE;
				GCC_WARN_UNUSED_FUNCTION = YES;
				GCC_WARN_UNUSED_VARIABLE = YES;
				IPHONEOS_DEPLOYMENT_TARGET = 13.7;
				MTL_ENABLE_DEBUG_INFO = INCLUDE_SOURCE;
				MTL_FAST_MATH = YES;
				ONLY_ACTIVE_ARCH = YES;
				SDKROOT = iphoneos;
				SWIFT_ACTIVE_COMPILATION_CONDITIONS = DEBUG;
				SWIFT_OPTIMIZATION_LEVEL = "-Onone";
			};
			name = Debug;
		};
		043F9B5D252231AB00C44B08 /* Release */ = {
			isa = XCBuildConfiguration;
			buildSettings = {
				ALWAYS_SEARCH_USER_PATHS = NO;
				CLANG_ANALYZER_NONNULL = YES;
				CLANG_ANALYZER_NUMBER_OBJECT_CONVERSION = YES_AGGRESSIVE;
				CLANG_CXX_LANGUAGE_STANDARD = "gnu++14";
				CLANG_CXX_LIBRARY = "libc++";
				CLANG_ENABLE_MODULES = YES;
				CLANG_ENABLE_OBJC_ARC = YES;
				CLANG_ENABLE_OBJC_WEAK = YES;
				CLANG_WARN_BLOCK_CAPTURE_AUTORELEASING = YES;
				CLANG_WARN_BOOL_CONVERSION = YES;
				CLANG_WARN_COMMA = YES;
				CLANG_WARN_CONSTANT_CONVERSION = YES;
				CLANG_WARN_DEPRECATED_OBJC_IMPLEMENTATIONS = YES;
				CLANG_WARN_DIRECT_OBJC_ISA_USAGE = YES_ERROR;
				CLANG_WARN_DOCUMENTATION_COMMENTS = YES;
				CLANG_WARN_EMPTY_BODY = YES;
				CLANG_WARN_ENUM_CONVERSION = YES;
				CLANG_WARN_INFINITE_RECURSION = YES;
				CLANG_WARN_INT_CONVERSION = YES;
				CLANG_WARN_NON_LITERAL_NULL_CONVERSION = YES;
				CLANG_WARN_OBJC_IMPLICIT_RETAIN_SELF = YES;
				CLANG_WARN_OBJC_LITERAL_CONVERSION = YES;
				CLANG_WARN_OBJC_ROOT_CLASS = YES_ERROR;
				CLANG_WARN_RANGE_LOOP_ANALYSIS = YES;
				CLANG_WARN_STRICT_PROTOTYPES = YES;
				CLANG_WARN_SUSPICIOUS_MOVE = YES;
				CLANG_WARN_UNGUARDED_AVAILABILITY = YES_AGGRESSIVE;
				CLANG_WARN_UNREACHABLE_CODE = YES;
				CLANG_WARN__DUPLICATE_METHOD_MATCH = YES;
				COPY_PHASE_STRIP = NO;
				DEBUG_INFORMATION_FORMAT = "dwarf-with-dsym";
				ENABLE_NS_ASSERTIONS = NO;
				ENABLE_STRICT_OBJC_MSGSEND = YES;
				GCC_C_LANGUAGE_STANDARD = gnu11;
				GCC_NO_COMMON_BLOCKS = YES;
				GCC_WARN_64_TO_32_BIT_CONVERSION = YES;
				GCC_WARN_ABOUT_RETURN_TYPE = YES_ERROR;
				GCC_WARN_UNDECLARED_SELECTOR = YES;
				GCC_WARN_UNINITIALIZED_AUTOS = YES_AGGRESSIVE;
				GCC_WARN_UNUSED_FUNCTION = YES;
				GCC_WARN_UNUSED_VARIABLE = YES;
				IPHONEOS_DEPLOYMENT_TARGET = 13.7;
				MTL_ENABLE_DEBUG_INFO = NO;
				MTL_FAST_MATH = YES;
				SDKROOT = iphoneos;
				SWIFT_COMPILATION_MODE = wholemodule;
				SWIFT_OPTIMIZATION_LEVEL = "-O";
				VALIDATE_PRODUCT = YES;
			};
			name = Release;
		};
		043F9B5F252231AB00C44B08 /* Debug */ = {
			isa = XCBuildConfiguration;
			baseConfigurationReference = CD9A91CEA28DA58FDAF48E7E /* Pods-Flix1.debug.xcconfig */;
			buildSettings = {
				ASSETCATALOG_COMPILER_APPICON_NAME = AppIcon;
				CODE_SIGN_STYLE = Automatic;
				INFOPLIST_FILE = Flix1/Info.plist;
				LD_RUNPATH_SEARCH_PATHS = (
					"$(inherited)",
					"@executable_path/Frameworks",
				);
				PRODUCT_BUNDLE_IDENTIFIER = Codepath.Flix1;
				PRODUCT_NAME = "$(TARGET_NAME)";
				SWIFT_VERSION = 5.0;
				TARGETED_DEVICE_FAMILY = "1,2";
			};
			name = Debug;
		};
		043F9B60252231AB00C44B08 /* Release */ = {
			isa = XCBuildConfiguration;
			baseConfigurationReference = 3915F4C44797BC3EBB25BD3D /* Pods-Flix1.release.xcconfig */;
			buildSettings = {
				ASSETCATALOG_COMPILER_APPICON_NAME = AppIcon;
				CODE_SIGN_STYLE = Automatic;
				INFOPLIST_FILE = Flix1/Info.plist;
				LD_RUNPATH_SEARCH_PATHS = (
					"$(inherited)",
					"@executable_path/Frameworks",
				);
				PRODUCT_BUNDLE_IDENTIFIER = Codepath.Flix1;
				PRODUCT_NAME = "$(TARGET_NAME)";
				SWIFT_VERSION = 5.0;
				TARGETED_DEVICE_FAMILY = "1,2";
			};
			name = Release;
		};
		043F9B62252231AB00C44B08 /* Debug */ = {
			isa = XCBuildConfiguration;
			baseConfigurationReference = 168DCA7AC934D48AA2081B1F /* Pods-Flix1Tests.debug.xcconfig */;
			buildSettings = {
				ALWAYS_EMBED_SWIFT_STANDARD_LIBRARIES = YES;
				BUNDLE_LOADER = "$(TEST_HOST)";
				CODE_SIGN_STYLE = Automatic;
				INFOPLIST_FILE = Flix1Tests/Info.plist;
				IPHONEOS_DEPLOYMENT_TARGET = 13.7;
				LD_RUNPATH_SEARCH_PATHS = (
					"$(inherited)",
					"@executable_path/Frameworks",
					"@loader_path/Frameworks",
				);
				PRODUCT_BUNDLE_IDENTIFIER = Codepath.Flix1Tests;
				PRODUCT_NAME = "$(TARGET_NAME)";
				SWIFT_VERSION = 5.0;
				TARGETED_DEVICE_FAMILY = "1,2";
				TEST_HOST = "$(BUILT_PRODUCTS_DIR)/Flix1.app/Flix1";
			};
			name = Debug;
		};
		043F9B63252231AB00C44B08 /* Release */ = {
			isa = XCBuildConfiguration;
			baseConfigurationReference = DE284FCDF11AF9DEEB41C610 /* Pods-Flix1Tests.release.xcconfig */;
			buildSettings = {
				ALWAYS_EMBED_SWIFT_STANDARD_LIBRARIES = YES;
				BUNDLE_LOADER = "$(TEST_HOST)";
				CODE_SIGN_STYLE = Automatic;
				INFOPLIST_FILE = Flix1Tests/Info.plist;
				IPHONEOS_DEPLOYMENT_TARGET = 13.7;
				LD_RUNPATH_SEARCH_PATHS = (
					"$(inherited)",
					"@executable_path/Frameworks",
					"@loader_path/Frameworks",
				);
				PRODUCT_BUNDLE_IDENTIFIER = Codepath.Flix1Tests;
				PRODUCT_NAME = "$(TARGET_NAME)";
				SWIFT_VERSION = 5.0;
				TARGETED_DEVICE_FAMILY = "1,2";
				TEST_HOST = "$(BUILT_PRODUCTS_DIR)/Flix1.app/Flix1";
			};
			name = Release;
		};
		043F9B65252231AB00C44B08 /* Debug */ = {
			isa = XCBuildConfiguration;
			baseConfigurationReference = A1612AFF96495F19DE31E2AD /* Pods-Flix1-Flix1UITests.debug.xcconfig */;
			buildSettings = {
				ALWAYS_EMBED_SWIFT_STANDARD_LIBRARIES = YES;
				CODE_SIGN_STYLE = Automatic;
				INFOPLIST_FILE = Flix1UITests/Info.plist;
				LD_RUNPATH_SEARCH_PATHS = (
					"$(inherited)",
					"@executable_path/Frameworks",
					"@loader_path/Frameworks",
				);
				PRODUCT_BUNDLE_IDENTIFIER = Codepath.Flix1UITests;
				PRODUCT_NAME = "$(TARGET_NAME)";
				SWIFT_VERSION = 5.0;
				TARGETED_DEVICE_FAMILY = "1,2";
				TEST_TARGET_NAME = Flix1;
			};
			name = Debug;
		};
		043F9B66252231AB00C44B08 /* Release */ = {
			isa = XCBuildConfiguration;
			baseConfigurationReference = 0B220ABB2EF31C142FFD2EC6 /* Pods-Flix1-Flix1UITests.release.xcconfig */;
			buildSettings = {
				ALWAYS_EMBED_SWIFT_STANDARD_LIBRARIES = YES;
				CODE_SIGN_STYLE = Automatic;
				INFOPLIST_FILE = Flix1UITests/Info.plist;
				LD_RUNPATH_SEARCH_PATHS = (
					"$(inherited)",
					"@executable_path/Frameworks",
					"@loader_path/Frameworks",
				);
				PRODUCT_BUNDLE_IDENTIFIER = Codepath.Flix1UITests;
				PRODUCT_NAME = "$(TARGET_NAME)";
				SWIFT_VERSION = 5.0;
				TARGETED_DEVICE_FAMILY = "1,2";
				TEST_TARGET_NAME = Flix1;
			};
			name = Release;
		};
/* End XCBuildConfiguration section */

/* Begin XCConfigurationList section */
		043F9B2F252231A600C44B08 /* Build configuration list for PBXProject "Flix1" */ = {
			isa = XCConfigurationList;
			buildConfigurations = (
				043F9B5C252231AB00C44B08 /* Debug */,
				043F9B5D252231AB00C44B08 /* Release */,
			);
			defaultConfigurationIsVisible = 0;
			defaultConfigurationName = Release;
		};
		043F9B5E252231AB00C44B08 /* Build configuration list for PBXNativeTarget "Flix1" */ = {
			isa = XCConfigurationList;
			buildConfigurations = (
				043F9B5F252231AB00C44B08 /* Debug */,
				043F9B60252231AB00C44B08 /* Release */,
			);
			defaultConfigurationIsVisible = 0;
			defaultConfigurationName = Release;
		};
		043F9B61252231AB00C44B08 /* Build configuration list for PBXNativeTarget "Flix1Tests" */ = {
			isa = XCConfigurationList;
			buildConfigurations = (
				043F9B62252231AB00C44B08 /* Debug */,
				043F9B63252231AB00C44B08 /* Release */,
			);
			defaultConfigurationIsVisible = 0;
			defaultConfigurationName = Release;
		};
		043F9B64252231AB00C44B08 /* Build configuration list for PBXNativeTarget "Flix1UITests" */ = {
			isa = XCConfigurationList;
			buildConfigurations = (
				043F9B65252231AB00C44B08 /* Debug */,
				043F9B66252231AB00C44B08 /* Release */,
			);
			defaultConfigurationIsVisible = 0;
			defaultConfigurationName = Release;
		};
/* End XCConfigurationList section */
	};
	rootObject = 043F9B2C252231A600C44B08 /* Project object */;
}
